
Microsoft Visual Studio Solution File, Format Version 12.00
# Visual Studio Version 17
VisualStudioVersion = 17.5.33516.290
MinimumVisualStudioVersion = 10.0.40219.1
Project("{FAE04EC0-301F-11D3-BF4B-00C04F79EFBC}") = "MagicVilla_API", "MagicVilla_API\MagicVilla_API.csproj", "{DDF2D9D8-FB4C-421B-B8B6-4DD97EAE8886}"
EndProject
Global
	GlobalSection(SolutionConfigurationPlatforms) = preSolution
		Debug|Any CPU = Debug|Any CPU
		Release|Any CPU = Release|Any CPU
	EndGlobalSection
	GlobalSection(ProjectConfigurationPlatforms) = postSolution
		{DDF2D9D8-FB4C-421B-B8B6-4DD97EAE8886}.Debug|Any CPU.ActiveCfg = Debug|Any CPU
		{DDF2D9D8-FB4C-421B-B8B6-4DD97EAE8886}.Debug|Any CPU.Build.0 = Debug|Any CPU
		{DDF2D9D8-FB4C-421B-B8B6-4DD97EAE8886}.Release|Any CPU.ActiveCfg = Release|Any CPU
		{DDF2D9D8-FB4C-421B-B8B6-4DD97EAE8886}.Release|Any CPU.Build.0 = Release|Any CPU
	EndGlobalSection
	GlobalSection(SolutionProperties) = preSolution
		HideSolutionNode = FALSE
	EndGlobalSection
	GlobalSection(ExtensibilityGlobals) = postSolution
		SolutionGuid = {1A63D322-3744-4F28-9245-A20C67B0DAF6}
	EndGlobalSection
EndGlobal
